
Microsoft Visual Studio Solution File, Format Version 12.00
# Visual Studio Version 17
VisualStudioVersion = 17.0.32014.148
MinimumVisualStudioVersion = 10.0.40219.1
Project("{FAE04EC0-301F-11D3-BF4B-00C04F79EFBC}") = "Constructores", "Constructores.csproj", "{BE604EBA-5217-4137-A03E-A4DFCE60AF8A}"
EndProject
Global
	GlobalSection(SolutionConfigurationPlatforms) = preSolution
		Debug|Any CPU = Debug|Any CPU
		Release|Any CPU = Release|Any CPU
	EndGlobalSection
	GlobalSection(ProjectConfigurationPlatforms) = postSolution
		{BE604EBA-5217-4137-A03E-A4DFCE60AF8A}.Debug|Any CPU.ActiveCfg = Debug|Any CPU
		{BE604EBA-5217-4137-A03E-A4DFCE60AF8A}.Debug|Any CPU.Build.0 = Debug|Any CPU
		{BE604EBA-5217-4137-A03E-A4DFCE60AF8A}.Release|Any CPU.ActiveCfg = Release|Any CPU
		{BE604EBA-5217-4137-A03E-A4DFCE60AF8A}.Release|Any CPU.Build.0 = Release|Any CPU
	EndGlobalSection
	GlobalSection(SolutionProperties) = preSolution
		HideSolutionNode = FALSE
	EndGlobalSection
	GlobalSection(ExtensibilityGlobals) = postSolution
		SolutionGuid = {5976AD6C-54B6-4F99-9822-1ABE05A49173}
	EndGlobalSection
EndGlobal
