
Microsoft Visual Studio Solution File, Format Version 12.00
# Visual Studio Version 17
VisualStudioVersion = 17.1.32210.238
MinimumVisualStudioVersion = 10.0.40219.1
Project("{FAE04EC0-301F-11D3-BF4B-00C04F79EFBC}") = "practica1", "practica1\practica1.csproj", "{0BE8F129-48D2-467D-9B2A-EEC2D5C5D28A}"
EndProject
Global
	GlobalSection(SolutionConfigurationPlatforms) = preSolution
		Debug|Any CPU = Debug|Any CPU
		Release|Any CPU = Release|Any CPU
	EndGlobalSection
	GlobalSection(ProjectConfigurationPlatforms) = postSolution
		{0BE8F129-48D2-467D-9B2A-EEC2D5C5D28A}.Debug|Any CPU.ActiveCfg = Debug|Any CPU
		{0BE8F129-48D2-467D-9B2A-EEC2D5C5D28A}.Debug|Any CPU.Build.0 = Debug|Any CPU
		{0BE8F129-48D2-467D-9B2A-EEC2D5C5D28A}.Release|Any CPU.ActiveCfg = Release|Any CPU
		{0BE8F129-48D2-467D-9B2A-EEC2D5C5D28A}.Release|Any CPU.Build.0 = Release|Any CPU
	EndGlobalSection
	GlobalSection(SolutionProperties) = preSolution
		HideSolutionNode = FALSE
	EndGlobalSection
	GlobalSection(ExtensibilityGlobals) = postSolution
		SolutionGuid = {714908A3-84FF-4536-85C6-6FDA3DE4F9B2}
	EndGlobalSection
EndGlobal
